
Microsoft Visual Studio Solution File, Format Version 12.00
# Visual Studio Version 17
VisualStudioVersion = 17.14.36518.9
MinimumVisualStudioVersion = 10.0.40219.1
Project("{2150E333-8FDC-42A3-9474-1A3956D46DE8}") = "Task 0", "Task 0", "{02EA681E-C7D8-13C7-8484-4AC65E1B71E8}"
EndProject
Project("{FAE04EC0-301F-11D3-BF4B-00C04F79EFBC}") = "Tyuiu.MihajlichenkoSB.Sprint4.Task0.V5", "Tyuiu.MihajlichenkoSB.Sprint4.Task0.V5\Tyuiu.MihajlichenkoSB.Sprint4.Task0.V5.csproj", "{E1CB01B5-0C63-4309-921C-1B137F17BC64}"
EndProject
Project("{FAE04EC0-301F-11D3-BF4B-00C04F79EFBC}") = "Tyuiu.MihajlichenkoSB.Sprint4.Task0.V5.Test", "Tyuiu.MihajlichenkoSB.Sprint4.Task0.V5.Test\Tyuiu.MihajlichenkoSB.Sprint4.Task0.V5.Test.csproj", "{9B7615CB-0E3C-44F3-99C9-FC5DD9C2EBB6}"
EndProject
Project("{FAE04EC0-301F-11D3-BF4B-00C04F79EFBC}") = "Tyuiu.MihajlichenkoSB.Sprint4.Task0.V5.Lib", "Tyuiu.MihajlichenkoSB.Sprint4.Task0.V5.Lib\Tyuiu.MihajlichenkoSB.Sprint4.Task0.V5.Lib.csproj", "{C86B5221-39D6-43D1-BF7E-37E8A9359E32}"
EndProject
Project("{2150E333-8FDC-42A3-9474-1A3956D46DE8}") = "Task 1", "Task 1", "{66C7C4EC-19E1-482C-86F7-DD489598BE92}"
EndProject
Project("{FAE04EC0-301F-11D3-BF4B-00C04F79EFBC}") = "Tyuiu.MihajlichenkoSB.Sprint4.Task1.V9", "Tyuiu.MihajlichenkoSB.Sprint4.Task1.V9\Tyuiu.MihajlichenkoSB.Sprint4.Task1.V9.csproj", "{77E60107-B793-4FB0-B1EC-66668E5B4985}"
EndProject
Project("{FAE04EC0-301F-11D3-BF4B-00C04F79EFBC}") = "Tyuiu.MihajlichenkoSB.Sprint4.Task1.V9.Test", "Tyuiu.MihajlichenkoSB.Sprint4.Task1.V9.Test\Tyuiu.MihajlichenkoSB.Sprint4.Task1.V9.Test.csproj", "{4F90D7C4-6A1E-4EB1-8BF7-3E3D373C5AE1}"
EndProject
Project("{FAE04EC0-301F-11D3-BF4B-00C04F79EFBC}") = "Tyuiu.MihajlichenkoSB.Sprint4.Task1.V9.Lib", "Tyuiu.MihajlichenkoSB.Sprint4.Task1.V9.Lib\Tyuiu.MihajlichenkoSB.Sprint4.Task1.V9.Lib.csproj", "{95A1B92E-D537-4CBA-8D46-0F5D6274A224}"
EndProject
Project("{2150E333-8FDC-42A3-9474-1A3956D46DE8}") = "Task 2", "Task 2", "{01832ED0-CA4C-4DD4-BF37-693FF0A4DE7B}"
EndProject
Project("{FAE04EC0-301F-11D3-BF4B-00C04F79EFBC}") = "Tyuiu.MihajlichenkoSB.Sprint4.Task2.V9", "Tyuiu.MihajlichenkoSB.Sprint4.Task2.V9\Tyuiu.MihajlichenkoSB.Sprint4.Task2.V9.csproj", "{392AD108-DDE1-4675-AE16-5E9F60E1BD08}"
EndProject
Project("{FAE04EC0-301F-11D3-BF4B-00C04F79EFBC}") = "Tyuiu.MihajlichenkoSB.Sprint4.Task2.V9.Test", "Tyuiu.MihajlichenkoSB.Sprint4.Task2.V9.Test\Tyuiu.MihajlichenkoSB.Sprint4.Task2.V9.Test.csproj", "{9A0FEDB2-6A4F-4FDA-AE82-847220DD6919}"
EndProject
Project("{FAE04EC0-301F-11D3-BF4B-00C04F79EFBC}") = "Tyuiu.MihajlichenkoSB.Sprint4.Task2.V9.Lib", "Tyuiu.MihajlichenkoSB.Sprint4.Task2.V9.Lib\Tyuiu.MihajlichenkoSB.Sprint4.Task2.V9.Lib.csproj", "{A6727885-704F-47AD-8601-8EDE0B7F73C3}"
EndProject
Project("{2150E333-8FDC-42A3-9474-1A3956D46DE8}") = "Task 3", "Task 3", "{967C646B-F39E-445C-AC29-13080D52B97D}"
EndProject
Project("{FAE04EC0-301F-11D3-BF4B-00C04F79EFBC}") = "Tyuiu.MihajlichenkoSB.Sprint4.Task3.V9", "Tyuiu.MihajlichenkoSB.Sprint4.Task3.V9\Tyuiu.MihajlichenkoSB.Sprint4.Task3.V9.csproj", "{40438E58-2EAE-46AE-AEAA-E65DB835BD58}"
EndProject
Project("{FAE04EC0-301F-11D3-BF4B-00C04F79EFBC}") = "Tyuiu.MihajlichenkoSB.Sprint4.Task3.V9.Test", "Tyuiu.MihajlichenkoSB.Sprint4.Task3.V9.Test\Tyuiu.MihajlichenkoSB.Sprint4.Task3.V9.Test.csproj", "{9591BCE8-69AE-42B8-8C22-B219F366BD15}"
EndProject
Project("{FAE04EC0-301F-11D3-BF4B-00C04F79EFBC}") = "Tyuiu.MihajlichenkoSB.Sprint4.Task3.V9.Lib", "Tyuiu.MihajlichenkoSB.Sprint4.Task3.V9.Lib\Tyuiu.MihajlichenkoSB.Sprint4.Task3.V9.Lib.csproj", "{2349BC3D-AC29-4EDF-BC4D-0972F7B8D1C2}"
EndProject
Project("{2150E333-8FDC-42A3-9474-1A3956D46DE8}") = "Task 4", "Task 4", "{7638BC00-F758-4441-9E00-132D8DBEFD84}"
EndProject
Project("{FAE04EC0-301F-11D3-BF4B-00C04F79EFBC}") = "Tyuiu.MihajlichenkoSB.Sprint4.Task4.V17", "Tyuiu.MihajlichenkoSB.Sprint4.Task4.V17\Tyuiu.MihajlichenkoSB.Sprint4.Task4.V17.csproj", "{A2402C46-60E3-452D-AF72-6F36A74609D6}"
EndProject
Project("{FAE04EC0-301F-11D3-BF4B-00C04F79EFBC}") = "Tyuiu.MihajlichenkoSB.Sprint4.Task4.V17.Test", "Tyuiu.MihajlichenkoSB.Sprint4.Task4.V17.Test\Tyuiu.MihajlichenkoSB.Sprint4.Task4.V17.Test.csproj", "{B4A343D9-4E0C-48A3-B4D7-EDA21B9ECFC2}"
EndProject
Project("{FAE04EC0-301F-11D3-BF4B-00C04F79EFBC}") = "Tyuiu.MihajlichenkoSB.Sprint4.Task4.V17.Lib", "Tyuiu.MihajlichenkoSB.Sprint4.Task4.V17.Lib\Tyuiu.MihajlichenkoSB.Sprint4.Task4.V17.Lib.csproj", "{8A8A7D8B-A630-4868-83D6-A066425EA712}"
EndProject
Global
	GlobalSection(SolutionConfigurationPlatforms) = preSolution
		Debug|Any CPU = Debug|Any CPU
		Release|Any CPU = Release|Any CPU
	EndGlobalSection
	GlobalSection(ProjectConfigurationPlatforms) = postSolution
		{E1CB01B5-0C63-4309-921C-1B137F17BC64}.Debug|Any CPU.ActiveCfg = Debug|Any CPU
		{E1CB01B5-0C63-4309-921C-1B137F17BC64}.Debug|Any CPU.Build.0 = Debug|Any CPU
		{E1CB01B5-0C63-4309-921C-1B137F17BC64}.Release|Any CPU.ActiveCfg = Release|Any CPU
		{E1CB01B5-0C63-4309-921C-1B137F17BC64}.Release|Any CPU.Build.0 = Release|Any CPU
		{9B7615CB-0E3C-44F3-99C9-FC5DD9C2EBB6}.Debug|Any CPU.ActiveCfg = Debug|Any CPU
		{9B7615CB-0E3C-44F3-99C9-FC5DD9C2EBB6}.Debug|Any CPU.Build.0 = Debug|Any CPU
		{9B7615CB-0E3C-44F3-99C9-FC5DD9C2EBB6}.Release|Any CPU.ActiveCfg = Release|Any CPU
		{9B7615CB-0E3C-44F3-99C9-FC5DD9C2EBB6}.Release|Any CPU.Build.0 = Release|Any CPU
		{C86B5221-39D6-43D1-BF7E-37E8A9359E32}.Debug|Any CPU.ActiveCfg = Debug|Any CPU
		{C86B5221-39D6-43D1-BF7E-37E8A9359E32}.Debug|Any CPU.Build.0 = Debug|Any CPU
		{C86B5221-39D6-43D1-BF7E-37E8A9359E32}.Release|Any CPU.ActiveCfg = Release|Any CPU
		{C86B5221-39D6-43D1-BF7E-37E8A9359E32}.Release|Any CPU.Build.0 = Release|Any CPU
		{77E60107-B793-4FB0-B1EC-66668E5B4985}.Debug|Any CPU.ActiveCfg = Debug|Any CPU
		{77E60107-B793-4FB0-B1EC-66668E5B4985}.Debug|Any CPU.Build.0 = Debug|Any CPU
		{77E60107-B793-4FB0-B1EC-66668E5B4985}.Release|Any CPU.ActiveCfg = Release|Any CPU
		{77E60107-B793-4FB0-B1EC-66668E5B4985}.Release|Any CPU.Build.0 = Release|Any CPU
		{4F90D7C4-6A1E-4EB1-8BF7-3E3D373C5AE1}.Debug|Any CPU.ActiveCfg = Debug|Any CPU
		{4F90D7C4-6A1E-4EB1-8BF7-3E3D373C5AE1}.Debug|Any CPU.Build.0 = Debug|Any CPU
		{4F90D7C4-6A1E-4EB1-8BF7-3E3D373C5AE1}.Release|Any CPU.ActiveCfg = Release|Any CPU
		{4F90D7C4-6A1E-4EB1-8BF7-3E3D373C5AE1}.Release|Any CPU.Build.0 = Release|Any CPU
		{95A1B92E-D537-4CBA-8D46-0F5D6274A224}.Debug|Any CPU.ActiveCfg = Debug|Any CPU
		{95A1B92E-D537-4CBA-8D46-0F5D6274A224}.Debug|Any CPU.Build.0 = Debug|Any CPU
		{95A1B92E-D537-4CBA-8D46-0F5D6274A224}.Release|Any CPU.ActiveCfg = Release|Any CPU
		{95A1B92E-D537-4CBA-8D46-0F5D6274A224}.Release|Any CPU.Build.0 = Release|Any CPU
		{392AD108-DDE1-4675-AE16-5E9F60E1BD08}.Debug|Any CPU.ActiveCfg = Debug|Any CPU
		{392AD108-DDE1-4675-AE16-5E9F60E1BD08}.Debug|Any CPU.Build.0 = Debug|Any CPU
		{392AD108-DDE1-4675-AE16-5E9F60E1BD08}.Release|Any CPU.ActiveCfg = Release|Any CPU
		{392AD108-DDE1-4675-AE16-5E9F60E1BD08}.Release|Any CPU.Build.0 = Release|Any CPU
		{9A0FEDB2-6A4F-4FDA-AE82-847220DD6919}.Debug|Any CPU.ActiveCfg = Debug|Any CPU
		{9A0FEDB2-6A4F-4FDA-AE82-847220DD6919}.Debug|Any CPU.Build.0 = Debug|Any CPU
		{9A0FEDB2-6A4F-4FDA-AE82-847220DD6919}.Release|Any CPU.ActiveCfg = Release|Any CPU
		{9A0FEDB2-6A4F-4FDA-AE82-847220DD6919}.Release|Any CPU.Build.0 = Release|Any CPU
		{A6727885-704F-47AD-8601-8EDE0B7F73C3}.Debug|Any CPU.ActiveCfg = Debug|Any CPU
		{A6727885-704F-47AD-8601-8EDE0B7F73C3}.Debug|Any CPU.Build.0 = Debug|Any CPU
		{A6727885-704F-47AD-8601-8EDE0B7F73C3}.Release|Any CPU.ActiveCfg = Release|Any CPU
		{A6727885-704F-47AD-8601-8EDE0B7F73C3}.Release|Any CPU.Build.0 = Release|Any CPU
		{40438E58-2EAE-46AE-AEAA-E65DB835BD58}.Debug|Any CPU.ActiveCfg = Debug|Any CPU
		{40438E58-2EAE-46AE-AEAA-E65DB835BD58}.Debug|Any CPU.Build.0 = Debug|Any CPU
		{40438E58-2EAE-46AE-AEAA-E65DB835BD58}.Release|Any CPU.ActiveCfg = Release|Any CPU
		{40438E58-2EAE-46AE-AEAA-E65DB835BD58}.Release|Any CPU.Build.0 = Release|Any CPU
		{9591BCE8-69AE-42B8-8C22-B219F366BD15}.Debug|Any CPU.ActiveCfg = Debug|Any CPU
		{9591BCE8-69AE-42B8-8C22-B219F366BD15}.Debug|Any CPU.Build.0 = Debug|Any CPU
		{9591BCE8-69AE-42B8-8C22-B219F366BD15}.Release|Any CPU.ActiveCfg = Release|Any CPU
		{9591BCE8-69AE-42B8-8C22-B219F366BD15}.Release|Any CPU.Build.0 = Release|Any CPU
		{2349BC3D-AC29-4EDF-BC4D-0972F7B8D1C2}.Debug|Any CPU.ActiveCfg = Debug|Any CPU
		{2349BC3D-AC29-4EDF-BC4D-0972F7B8D1C2}.Debug|Any CPU.Build.0 = Debug|Any CPU
		{2349BC3D-AC29-4EDF-BC4D-0972F7B8D1C2}.Release|Any CPU.ActiveCfg = Release|Any CPU
		{2349BC3D-AC29-4EDF-BC4D-0972F7B8D1C2}.Release|Any CPU.Build.0 = Release|Any CPU
		{A2402C46-60E3-452D-AF72-6F36A74609D6}.Debug|Any CPU.ActiveCfg = Debug|Any CPU
		{A2402C46-60E3-452D-AF72-6F36A74609D6}.Debug|Any CPU.Build.0 = Debug|Any CPU
		{A2402C46-60E3-452D-AF72-6F36A74609D6}.Release|Any CPU.ActiveCfg = Release|Any CPU
		{A2402C46-60E3-452D-AF72-6F36A74609D6}.Release|Any CPU.Build.0 = Release|Any CPU
		{B4A343D9-4E0C-48A3-B4D7-EDA21B9ECFC2}.Debug|Any CPU.ActiveCfg = Debug|Any CPU
		{B4A343D9-4E0C-48A3-B4D7-EDA21B9ECFC2}.Debug|Any CPU.Build.0 = Debug|Any CPU
		{B4A343D9-4E0C-48A3-B4D7-EDA21B9ECFC2}.Release|Any CPU.ActiveCfg = Release|Any CPU
		{B4A343D9-4E0C-48A3-B4D7-EDA21B9ECFC2}.Release|Any CPU.Build.0 = Release|Any CPU
		{8A8A7D8B-A630-4868-83D6-A066425EA712}.Debug|Any CPU.ActiveCfg = Debug|Any CPU
		{8A8A7D8B-A630-4868-83D6-A066425EA712}.Debug|Any CPU.Build.0 = Debug|Any CPU
		{8A8A7D8B-A630-4868-83D6-A066425EA712}.Release|Any CPU.ActiveCfg = Release|Any CPU
		{8A8A7D8B-A630-4868-83D6-A066425EA712}.Release|Any CPU.Build.0 = Release|Any CPU
	EndGlobalSection
	GlobalSection(SolutionProperties) = preSolution
		HideSolutionNode = FALSE
	EndGlobalSection
	GlobalSection(NestedProjects) = preSolution
		{E1CB01B5-0C63-4309-921C-1B137F17BC64} = {02EA681E-C7D8-13C7-8484-4AC65E1B71E8}
		{9B7615CB-0E3C-44F3-99C9-FC5DD9C2EBB6} = {02EA681E-C7D8-13C7-8484-4AC65E1B71E8}
		{C86B5221-39D6-43D1-BF7E-37E8A9359E32} = {02EA681E-C7D8-13C7-8484-4AC65E1B71E8}
		{77E60107-B793-4FB0-B1EC-66668E5B4985} = {66C7C4EC-19E1-482C-86F7-DD489598BE92}
		{4F90D7C4-6A1E-4EB1-8BF7-3E3D373C5AE1} = {66C7C4EC-19E1-482C-86F7-DD489598BE92}
		{95A1B92E-D537-4CBA-8D46-0F5D6274A224} = {66C7C4EC-19E1-482C-86F7-DD489598BE92}
		{392AD108-DDE1-4675-AE16-5E9F60E1BD08} = {01832ED0-CA4C-4DD4-BF37-693FF0A4DE7B}
		{9A0FEDB2-6A4F-4FDA-AE82-847220DD6919} = {01832ED0-CA4C-4DD4-BF37-693FF0A4DE7B}
		{A6727885-704F-47AD-8601-8EDE0B7F73C3} = {01832ED0-CA4C-4DD4-BF37-693FF0A4DE7B}
		{40438E58-2EAE-46AE-AEAA-E65DB835BD58} = {967C646B-F39E-445C-AC29-13080D52B97D}
		{9591BCE8-69AE-42B8-8C22-B219F366BD15} = {967C646B-F39E-445C-AC29-13080D52B97D}
		{2349BC3D-AC29-4EDF-BC4D-0972F7B8D1C2} = {967C646B-F39E-445C-AC29-13080D52B97D}
		{A2402C46-60E3-452D-AF72-6F36A74609D6} = {7638BC00-F758-4441-9E00-132D8DBEFD84}
		{B4A343D9-4E0C-48A3-B4D7-EDA21B9ECFC2} = {7638BC00-F758-4441-9E00-132D8DBEFD84}
		{8A8A7D8B-A630-4868-83D6-A066425EA712} = {7638BC00-F758-4441-9E00-132D8DBEFD84}
	EndGlobalSection
	GlobalSection(ExtensibilityGlobals) = postSolution
		SolutionGuid = {96926902-8FD8-4970-88AC-AD95AC5BA0E9}
	EndGlobalSection
EndGlobal
